// !$*UTF8*$!
{
	archiveVersion = 1;
	classes = {
	};
	objectVersion = 56;
	objects = {

/* Begin PBXBuildFile section */
		A5A961F829F1638800F76189 /* AfricaSwiftUIApp.swift in Sources */ = {isa = PBXBuildFile; fileRef = A5A961F729F1638800F76189 /* AfricaSwiftUIApp.swift */; };
		A5A961FA29F1638800F76189 /* ContentView.swift in Sources */ = {isa = PBXBuildFile; fileRef = A5A961F929F1638800F76189 /* ContentView.swift */; };
		A5A961FC29F1638D00F76189 /* Assets.xcassets in Resources */ = {isa = PBXBuildFile; fileRef = A5A961FB29F1638D00F76189 /* Assets.xcassets */; };
		A5A961FF29F1638D00F76189 /* Preview Assets.xcassets in Resources */ = {isa = PBXBuildFile; fileRef = A5A961FE29F1638D00F76189 /* Preview Assets.xcassets */; };
		A5A9621029F167EF00F76189 /* ostrich.mp4 in Resources */ = {isa = PBXBuildFile; fileRef = A5A9620629F167EE00F76189 /* ostrich.mp4 */; };
		A5A9621129F167EF00F76189 /* zebra.mp4 in Resources */ = {isa = PBXBuildFile; fileRef = A5A9620729F167EF00F76189 /* zebra.mp4 */; };
		A5A9621229F167EF00F76189 /* gorilla.mp4 in Resources */ = {isa = PBXBuildFile; fileRef = A5A9620829F167EF00F76189 /* gorilla.mp4 */; };
		A5A9621329F167EF00F76189 /* lion.mp4 in Resources */ = {isa = PBXBuildFile; fileRef = A5A9620929F167EF00F76189 /* lion.mp4 */; };
		A5A9621429F167EF00F76189 /* rhino.mp4 in Resources */ = {isa = PBXBuildFile; fileRef = A5A9620A29F167EF00F76189 /* rhino.mp4 */; };
		A5A9621529F167EF00F76189 /* cheetah.mp4 in Resources */ = {isa = PBXBuildFile; fileRef = A5A9620B29F167EF00F76189 /* cheetah.mp4 */; };
		A5A9621629F167EF00F76189 /* hippo.mp4 in Resources */ = {isa = PBXBuildFile; fileRef = A5A9620C29F167EF00F76189 /* hippo.mp4 */; };
		A5A9621729F167EF00F76189 /* giraffe.mp4 in Resources */ = {isa = PBXBuildFile; fileRef = A5A9620D29F167EF00F76189 /* giraffe.mp4 */; };
		A5A9621829F167EF00F76189 /* elephant.mp4 in Resources */ = {isa = PBXBuildFile; fileRef = A5A9620E29F167EF00F76189 /* elephant.mp4 */; };
		A5A9621929F167EF00F76189 /* lioness.mp4 in Resources */ = {isa = PBXBuildFile; fileRef = A5A9620F29F167EF00F76189 /* lioness.mp4 */; };
		A5A9621F29F1686B00F76189 /* covers.json in Resources */ = {isa = PBXBuildFile; fileRef = A5A9621B29F1686A00F76189 /* covers.json */; };
		A5A9622029F1686B00F76189 /* locations.json in Resources */ = {isa = PBXBuildFile; fileRef = A5A9621C29F1686A00F76189 /* locations.json */; };
		A5A9622129F1686B00F76189 /* animals.json in Resources */ = {isa = PBXBuildFile; fileRef = A5A9621D29F1686A00F76189 /* animals.json */; };
		A5A9622229F1686B00F76189 /* videos.json in Resources */ = {isa = PBXBuildFile; fileRef = A5A9621E29F1686A00F76189 /* videos.json */; };
		A5A9622629F16C1500F76189 /* VideoListView.swift in Sources */ = {isa = PBXBuildFile; fileRef = A5A9622529F16C1500F76189 /* VideoListView.swift */; };
		A5A9622829F16C2100F76189 /* MapView.swift in Sources */ = {isa = PBXBuildFile; fileRef = A5A9622729F16C2100F76189 /* MapView.swift */; };
		A5A9622A29F16C3200F76189 /* GalleryView.swift in Sources */ = {isa = PBXBuildFile; fileRef = A5A9622929F16C3200F76189 /* GalleryView.swift */; };
		A5A9622C29F16C4000F76189 /* MainView.swift in Sources */ = {isa = PBXBuildFile; fileRef = A5A9622B29F16C4000F76189 /* MainView.swift */; };
		A5A9622F29F1761500F76189 /* CoverImageView.swift in Sources */ = {isa = PBXBuildFile; fileRef = A5A9622E29F1761500F76189 /* CoverImageView.swift */; };
		A5A9623229F17A7B00F76189 /* CoverImageModel.swift in Sources */ = {isa = PBXBuildFile; fileRef = A5A9623129F17A7B00F76189 /* CoverImageModel.swift */; };
		A5A9623529F17C7200F76189 /* CodableBundleExtension.swift in Sources */ = {isa = PBXBuildFile; fileRef = A5A9623429F17C7200F76189 /* CodableBundleExtension.swift */; };
/* End PBXBuildFile section */

/* Begin PBXFileReference section */
		A5A961F429F1638800F76189 /* AfricaSwiftUI.app */ = {isa = PBXFileReference; explicitFileType = wrapper.application; includeInIndex = 0; path = AfricaSwiftUI.app; sourceTree = BUILT_PRODUCTS_DIR; };
		A5A961F729F1638800F76189 /* AfricaSwiftUIApp.swift */ = {isa = PBXFileReference; lastKnownFileType = sourcecode.swift; path = AfricaSwiftUIApp.swift; sourceTree = "<group>"; };
		A5A961F929F1638800F76189 /* ContentView.swift */ = {isa = PBXFileReference; lastKnownFileType = sourcecode.swift; path = ContentView.swift; sourceTree = "<group>"; };
		A5A961FB29F1638D00F76189 /* Assets.xcassets */ = {isa = PBXFileReference; lastKnownFileType = folder.assetcatalog; path = Assets.xcassets; sourceTree = "<group>"; };
		A5A961FE29F1638D00F76189 /* Preview Assets.xcassets */ = {isa = PBXFileReference; lastKnownFileType = folder.assetcatalog; path = "Preview Assets.xcassets"; sourceTree = "<group>"; };
		A5A9620629F167EE00F76189 /* ostrich.mp4 */ = {isa = PBXFileReference; lastKnownFileType = file; path = ostrich.mp4; sourceTree = "<group>"; };
		A5A9620729F167EF00F76189 /* zebra.mp4 */ = {isa = PBXFileReference; lastKnownFileType = file; path = zebra.mp4; sourceTree = "<group>"; };
		A5A9620829F167EF00F76189 /* gorilla.mp4 */ = {isa = PBXFileReference; lastKnownFileType = file; path = gorilla.mp4; sourceTree = "<group>"; };
		A5A9620929F167EF00F76189 /* lion.mp4 */ = {isa = PBXFileReference; lastKnownFileType = file; path = lion.mp4; sourceTree = "<group>"; };
		A5A9620A29F167EF00F76189 /* rhino.mp4 */ = {isa = PBXFileReference; lastKnownFileType = file; path = rhino.mp4; sourceTree = "<group>"; };
		A5A9620B29F167EF00F76189 /* cheetah.mp4 */ = {isa = PBXFileReference; lastKnownFileType = file; path = cheetah.mp4; sourceTree = "<group>"; };
		A5A9620C29F167EF00F76189 /* hippo.mp4 */ = {isa = PBXFileReference; lastKnownFileType = file; path = hippo.mp4; sourceTree = "<group>"; };
		A5A9620D29F167EF00F76189 /* giraffe.mp4 */ = {isa = PBXFileReference; lastKnownFileType = file; path = giraffe.mp4; sourceTree = "<group>"; };
		A5A9620E29F167EF00F76189 /* elephant.mp4 */ = {isa = PBXFileReference; lastKnownFileType = file; path = elephant.mp4; sourceTree = "<group>"; };
		A5A9620F29F167EF00F76189 /* lioness.mp4 */ = {isa = PBXFileReference; lastKnownFileType = file; path = lioness.mp4; sourceTree = "<group>"; };
		A5A9621B29F1686A00F76189 /* covers.json */ = {isa = PBXFileReference; fileEncoding = 4; lastKnownFileType = text.json; path = covers.json; sourceTree = "<group>"; };
		A5A9621C29F1686A00F76189 /* locations.json */ = {isa = PBXFileReference; fileEncoding = 4; lastKnownFileType = text.json; path = locations.json; sourceTree = "<group>"; };
		A5A9621D29F1686A00F76189 /* animals.json */ = {isa = PBXFileReference; fileEncoding = 4; lastKnownFileType = text.json; path = animals.json; sourceTree = "<group>"; };
		A5A9621E29F1686A00F76189 /* videos.json */ = {isa = PBXFileReference; fileEncoding = 4; lastKnownFileType = text.json; path = videos.json; sourceTree = "<group>"; };
		A5A9622329F169E500F76189 /* Info.plist */ = {isa = PBXFileReference; lastKnownFileType = text.plist; path = Info.plist; sourceTree = "<group>"; };
		A5A9622529F16C1500F76189 /* VideoListView.swift */ = {isa = PBXFileReference; lastKnownFileType = sourcecode.swift; path = VideoListView.swift; sourceTree = "<group>"; };
		A5A9622729F16C2100F76189 /* MapView.swift */ = {isa = PBXFileReference; lastKnownFileType = sourcecode.swift; path = MapView.swift; sourceTree = "<group>"; };
		A5A9622929F16C3200F76189 /* GalleryView.swift */ = {isa = PBXFileReference; lastKnownFileType = sourcecode.swift; path = GalleryView.swift; sourceTree = "<group>"; };
		A5A9622B29F16C4000F76189 /* MainView.swift */ = {isa = PBXFileReference; lastKnownFileType = sourcecode.swift; path = MainView.swift; sourceTree = "<group>"; };
		A5A9622E29F1761500F76189 /* CoverImageView.swift */ = {isa = PBXFileReference; lastKnownFileType = sourcecode.swift; path = CoverImageView.swift; sourceTree = "<group>"; };
		A5A9623129F17A7B00F76189 /* CoverImageModel.swift */ = {isa = PBXFileReference; lastKnownFileType = sourcecode.swift; path = CoverImageModel.swift; sourceTree = "<group>"; };
		A5A9623429F17C7200F76189 /* CodableBundleExtension.swift */ = {isa = PBXFileReference; lastKnownFileType = sourcecode.swift; path = CodableBundleExtension.swift; sourceTree = "<group>"; };
/* End PBXFileReference section */

/* Begin PBXFrameworksBuildPhase section */
		A5A961F129F1638800F76189 /* Frameworks */ = {
			isa = PBXFrameworksBuildPhase;
			buildActionMask = 2147483647;
			files = (
			);
			runOnlyForDeploymentPostprocessing = 0;
		};
/* End PBXFrameworksBuildPhase section */

/* Begin PBXGroup section */
		A5A961EB29F1638800F76189 = {
			isa = PBXGroup;
			children = (
				A5A961F629F1638800F76189 /* AfricaSwiftUI */,
				A5A961F529F1638800F76189 /* Products */,
			);
			sourceTree = "<group>";
		};
		A5A961F529F1638800F76189 /* Products */ = {
			isa = PBXGroup;
			children = (
				A5A961F429F1638800F76189 /* AfricaSwiftUI.app */,
			);
			name = Products;
			sourceTree = "<group>";
		};
		A5A961F629F1638800F76189 /* AfricaSwiftUI */ = {
			isa = PBXGroup;
			children = (
				A5A9623329F17C5F00F76189 /* Extension */,
				A5A9623029F17A5A00F76189 /* Model */,
				A5A9622D29F175F300F76189 /* View */,
				A5A9622329F169E500F76189 /* Info.plist */,
				A5A9621A29F1684600F76189 /* Data */,
				A5A9620529F167C400F76189 /* Video */,
				A5A9622429F16B5C00F76189 /* App */,
				A5A961FB29F1638D00F76189 /* Assets.xcassets */,
				A5A961FD29F1638D00F76189 /* Preview Content */,
			);
			path = AfricaSwiftUI;
			sourceTree = "<group>";
		};
		A5A961FD29F1638D00F76189 /* Preview Content */ = {
			isa = PBXGroup;
			children = (
				A5A961FE29F1638D00F76189 /* Preview Assets.xcassets */,
			);
			path = "Preview Content";
			sourceTree = "<group>";
		};
		A5A9620529F167C400F76189 /* Video */ = {
			isa = PBXGroup;
			children = (
				A5A9620B29F167EF00F76189 /* cheetah.mp4 */,
				A5A9620E29F167EF00F76189 /* elephant.mp4 */,
				A5A9620D29F167EF00F76189 /* giraffe.mp4 */,
				A5A9620829F167EF00F76189 /* gorilla.mp4 */,
				A5A9620C29F167EF00F76189 /* hippo.mp4 */,
				A5A9620929F167EF00F76189 /* lion.mp4 */,
				A5A9620F29F167EF00F76189 /* lioness.mp4 */,
				A5A9620629F167EE00F76189 /* ostrich.mp4 */,
				A5A9620A29F167EF00F76189 /* rhino.mp4 */,
				A5A9620729F167EF00F76189 /* zebra.mp4 */,
			);
			path = Video;
			sourceTree = "<group>";
		};
		A5A9621A29F1684600F76189 /* Data */ = {
			isa = PBXGroup;
			children = (
				A5A9621D29F1686A00F76189 /* animals.json */,
				A5A9621B29F1686A00F76189 /* covers.json */,
				A5A9621C29F1686A00F76189 /* locations.json */,
				A5A9621E29F1686A00F76189 /* videos.json */,
			);
			path = Data;
			sourceTree = "<group>";
		};
		A5A9622429F16B5C00F76189 /* App */ = {
			isa = PBXGroup;
			children = (
				A5A961F729F1638800F76189 /* AfricaSwiftUIApp.swift */,
				A5A961F929F1638800F76189 /* ContentView.swift */,
				A5A9622529F16C1500F76189 /* VideoListView.swift */,
				A5A9622729F16C2100F76189 /* MapView.swift */,
				A5A9622929F16C3200F76189 /* GalleryView.swift */,
				A5A9622B29F16C4000F76189 /* MainView.swift */,
			);
			path = App;
			sourceTree = "<group>";
		};
		A5A9622D29F175F300F76189 /* View */ = {
			isa = PBXGroup;
			children = (
				A5A9622E29F1761500F76189 /* CoverImageView.swift */,
			);
			path = View;
			sourceTree = "<group>";
		};
		A5A9623029F17A5A00F76189 /* Model */ = {
			isa = PBXGroup;
			children = (
				A5A9623129F17A7B00F76189 /* CoverImageModel.swift */,
			);
			path = Model;
			sourceTree = "<group>";
		};
		A5A9623329F17C5F00F76189 /* Extension */ = {
			isa = PBXGroup;
			children = (
				A5A9623429F17C7200F76189 /* CodableBundleExtension.swift */,
			);
			path = Extension;
			sourceTree = "<group>";
		};
/* End PBXGroup section */

/* Begin PBXNativeTarget section */
		A5A961F329F1638800F76189 /* AfricaSwiftUI */ = {
			isa = PBXNativeTarget;
			buildConfigurationList = A5A9620229F1638D00F76189 /* Build configuration list for PBXNativeTarget "AfricaSwiftUI" */;
			buildPhases = (
				A5A961F029F1638800F76189 /* Sources */,
				A5A961F129F1638800F76189 /* Frameworks */,
				A5A961F229F1638800F76189 /* Resources */,
			);
			buildRules = (
			);
			dependencies = (
			);
			name = AfricaSwiftUI;
			productName = AfricaSwiftUI;
			productReference = A5A961F429F1638800F76189 /* AfricaSwiftUI.app */;
			productType = "com.apple.product-type.application";
		};
/* End PBXNativeTarget section */

/* Begin PBXProject section */
		A5A961EC29F1638800F76189 /* Project object */ = {
			isa = PBXProject;
			attributes = {
				BuildIndependentTargetsInParallel = 1;
				LastSwiftUpdateCheck = 1420;
				LastUpgradeCheck = 1420;
				TargetAttributes = {
					A5A961F329F1638800F76189 = {
						CreatedOnToolsVersion = 14.2;
					};
				};
			};
			buildConfigurationList = A5A961EF29F1638800F76189 /* Build configuration list for PBXProject "AfricaSwiftUI" */;
			compatibilityVersion = "Xcode 14.0";
			developmentRegion = en;
			hasScannedForEncodings = 0;
			knownRegions = (
				en,
				Base,
			);
			mainGroup = A5A961EB29F1638800F76189;
			productRefGroup = A5A961F529F1638800F76189 /* Products */;
			projectDirPath = "";
			projectRoot = "";
			targets = (
				A5A961F329F1638800F76189 /* AfricaSwiftUI */,
			);
		};
/* End PBXProject section */

/* Begin PBXResourcesBuildPhase section */
		A5A961F229F1638800F76189 /* Resources */ = {
			isa = PBXResourcesBuildPhase;
			buildActionMask = 2147483647;
			files = (
				A5A9622129F1686B00F76189 /* animals.json in Resources */,
				A5A9622029F1686B00F76189 /* locations.json in Resources */,
				A5A9621F29F1686B00F76189 /* covers.json in Resources */,
				A5A9621129F167EF00F76189 /* zebra.mp4 in Resources */,
				A5A9621629F167EF00F76189 /* hippo.mp4 in Resources */,
				A5A9621329F167EF00F76189 /* lion.mp4 in Resources */,
				A5A9621029F167EF00F76189 /* ostrich.mp4 in Resources */,
				A5A9621729F167EF00F76189 /* giraffe.mp4 in Resources */,
				A5A9621229F167EF00F76189 /* gorilla.mp4 in Resources */,
				A5A9621529F167EF00F76189 /* cheetah.mp4 in Resources */,
				A5A9621429F167EF00F76189 /* rhino.mp4 in Resources */,
				A5A961FF29F1638D00F76189 /* Preview Assets.xcassets in Resources */,
				A5A961FC29F1638D00F76189 /* Assets.xcassets in Resources */,
				A5A9622229F1686B00F76189 /* videos.json in Resources */,
				A5A9621829F167EF00F76189 /* elephant.mp4 in Resources */,
				A5A9621929F167EF00F76189 /* lioness.mp4 in Resources */,
			);
			runOnlyForDeploymentPostprocessing = 0;
		};
/* End PBXResourcesBuildPhase section */

/* Begin PBXSourcesBuildPhase section */
		A5A961F029F1638800F76189 /* Sources */ = {
			isa = PBXSourcesBuildPhase;
			buildActionMask = 2147483647;
			files = (
				A5A961FA29F1638800F76189 /* ContentView.swift in Sources */,
				A5A9622C29F16C4000F76189 /* MainView.swift in Sources */,
				A5A9622F29F1761500F76189 /* CoverImageView.swift in Sources */,
				A5A9623229F17A7B00F76189 /* CoverImageModel.swift in Sources */,
				A5A9622829F16C2100F76189 /* MapView.swift in Sources */,
				A5A961F829F1638800F76189 /* AfricaSwiftUIApp.swift in Sources */,
				A5A9622629F16C1500F76189 /* VideoListView.swift in Sources */,
				A5A9622A29F16C3200F76189 /* GalleryView.swift in Sources */,
				A5A9623529F17C7200F76189 /* CodableBundleExtension.swift in Sources */,
			);
			runOnlyForDeploymentPostprocessing = 0;
		};
/* End PBXSourcesBuildPhase section */

/* Begin XCBuildConfiguration section */
		A5A9620029F1638D00F76189 /* Debug */ = {
			isa = XCBuildConfiguration;
			buildSettings = {
				ALWAYS_SEARCH_USER_PATHS = NO;
				CLANG_ANALYZER_NONNULL = YES;
				CLANG_ANALYZER_NUMBER_OBJECT_CONVERSION = YES_AGGRESSIVE;
				CLANG_CXX_LANGUAGE_STANDARD = "gnu++20";
				CLANG_ENABLE_MODULES = YES;
				CLANG_ENABLE_OBJC_ARC = YES;
				CLANG_ENABLE_OBJC_WEAK = YES;
				CLANG_WARN_BLOCK_CAPTURE_AUTORELEASING = YES;
				CLANG_WARN_BOOL_CONVERSION = YES;
				CLANG_WARN_COMMA = YES;
				CLANG_WARN_CONSTANT_CONVERSION = YES;
				CLANG_WARN_DEPRECATED_OBJC_IMPLEMENTATIONS = YES;
				CLANG_WARN_DIRECT_OBJC_ISA_USAGE = YES_ERROR;
				CLANG_WARN_DOCUMENTATION_COMMENTS = YES;
				CLANG_WARN_EMPTY_BODY = YES;
				CLANG_WARN_ENUM_CONVERSION = YES;
				CLANG_WARN_INFINITE_RECURSION = YES;
				CLANG_WARN_INT_CONVERSION = YES;
				CLANG_WARN_NON_LITERAL_NULL_CONVERSION = YES;
				CLANG_WARN_OBJC_IMPLICIT_RETAIN_SELF = YES;
				CLANG_WARN_OBJC_LITERAL_CONVERSION = YES;
				CLANG_WARN_OBJC_ROOT_CLASS = YES_ERROR;
				CLANG_WARN_QUOTED_INCLUDE_IN_FRAMEWORK_HEADER = YES;
				CLANG_WARN_RANGE_LOOP_ANALYSIS = YES;
				CLANG_WARN_STRICT_PROTOTYPES = YES;
				CLANG_WARN_SUSPICIOUS_MOVE = YES;
				CLANG_WARN_UNGUARDED_AVAILABILITY = YES_AGGRESSIVE;
				CLANG_WARN_UNREACHABLE_CODE = YES;
				CLANG_WARN__DUPLICATE_METHOD_MATCH = YES;
				COPY_PHASE_STRIP = NO;
				DEBUG_INFORMATION_FORMAT = dwarf;
				ENABLE_STRICT_OBJC_MSGSEND = YES;
				ENABLE_TESTABILITY = YES;
				GCC_C_LANGUAGE_STANDARD = gnu11;
				GCC_DYNAMIC_NO_PIC = NO;
				GCC_NO_COMMON_BLOCKS = YES;
				GCC_OPTIMIZATION_LEVEL = 0;
				GCC_PREPROCESSOR_DEFINITIONS = (
					"DEBUG=1",
					"$(inherited)",
				);
				GCC_WARN_64_TO_32_BIT_CONVERSION = YES;
				GCC_WARN_ABOUT_RETURN_TYPE = YES_ERROR;
				GCC_WARN_UNDECLARED_SELECTOR = YES;
				GCC_WARN_UNINITIALIZED_AUTOS = YES_AGGRESSIVE;
				GCC_WARN_UNUSED_FUNCTION = YES;
				GCC_WARN_UNUSED_VARIABLE = YES;
				IPHONEOS_DEPLOYMENT_TARGET = 16.2;
				MTL_ENABLE_DEBUG_INFO = INCLUDE_SOURCE;
				MTL_FAST_MATH = YES;
				ONLY_ACTIVE_ARCH = YES;
				SDKROOT = iphoneos;
				SWIFT_ACTIVE_COMPILATION_CONDITIONS = DEBUG;
				SWIFT_OPTIMIZATION_LEVEL = "-Onone";
			};
			name = Debug;
		};
		A5A9620129F1638D00F76189 /* Release */ = {
			isa = XCBuildConfiguration;
			buildSettings = {
				ALWAYS_SEARCH_USER_PATHS = NO;
				CLANG_ANALYZER_NONNULL = YES;
				CLANG_ANALYZER_NUMBER_OBJECT_CONVERSION = YES_AGGRESSIVE;
				CLANG_CXX_LANGUAGE_STANDARD = "gnu++20";
				CLANG_ENABLE_MODULES = YES;
				CLANG_ENABLE_OBJC_ARC = YES;
				CLANG_ENABLE_OBJC_WEAK = YES;
				CLANG_WARN_BLOCK_CAPTURE_AUTORELEASING = YES;
				CLANG_WARN_BOOL_CONVERSION = YES;
				CLANG_WARN_COMMA = YES;
				CLANG_WARN_CONSTANT_CONVERSION = YES;
				CLANG_WARN_DEPRECATED_OBJC_IMPLEMENTATIONS = YES;
				CLANG_WARN_DIRECT_OBJC_ISA_USAGE = YES_ERROR;
				CLANG_WARN_DOCUMENTATION_COMMENTS = YES;
				CLANG_WARN_EMPTY_BODY = YES;
				CLANG_WARN_ENUM_CONVERSION = YES;
				CLANG_WARN_INFINITE_RECURSION = YES;
				CLANG_WARN_INT_CONVERSION = YES;
				CLANG_WARN_NON_LITERAL_NULL_CONVERSION = YES;
				CLANG_WARN_OBJC_IMPLICIT_RETAIN_SELF = YES;
				CLANG_WARN_OBJC_LITERAL_CONVERSION = YES;
				CLANG_WARN_OBJC_ROOT_CLASS = YES_ERROR;
				CLANG_WARN_QUOTED_INCLUDE_IN_FRAMEWORK_HEADER = YES;
				CLANG_WARN_RANGE_LOOP_ANALYSIS = YES;
				CLANG_WARN_STRICT_PROTOTYPES = YES;
				CLANG_WARN_SUSPICIOUS_MOVE = YES;
				CLANG_WARN_UNGUARDED_AVAILABILITY = YES_AGGRESSIVE;
				CLANG_WARN_UNREACHABLE_CODE = YES;
				CLANG_WARN__DUPLICATE_METHOD_MATCH = YES;
				COPY_PHASE_STRIP = NO;
				DEBUG_INFORMATION_FORMAT = "dwarf-with-dsym";
				ENABLE_NS_ASSERTIONS = NO;
				ENABLE_STRICT_OBJC_MSGSEND = YES;
				GCC_C_LANGUAGE_STANDARD = gnu11;
				GCC_NO_COMMON_BLOCKS = YES;
				GCC_WARN_64_TO_32_BIT_CONVERSION = YES;
				GCC_WARN_ABOUT_RETURN_TYPE = YES_ERROR;
				GCC_WARN_UNDECLARED_SELECTOR = YES;
				GCC_WARN_UNINITIALIZED_AUTOS = YES_AGGRESSIVE;
				GCC_WARN_UNUSED_FUNCTION = YES;
				GCC_WARN_UNUSED_VARIABLE = YES;
				IPHONEOS_DEPLOYMENT_TARGET = 16.2;
				MTL_ENABLE_DEBUG_INFO = NO;
				MTL_FAST_MATH = YES;
				SDKROOT = iphoneos;
				SWIFT_COMPILATION_MODE = wholemodule;
				SWIFT_OPTIMIZATION_LEVEL = "-O";
				VALIDATE_PRODUCT = YES;
			};
			name = Release;
		};
		A5A9620329F1638D00F76189 /* Debug */ = {
			isa = XCBuildConfiguration;
			buildSettings = {
				ASSETCATALOG_COMPILER_APPICON_NAME = AppIcon;
				ASSETCATALOG_COMPILER_GLOBAL_ACCENT_COLOR_NAME = AccentColor;
				CODE_SIGN_STYLE = Automatic;
				CURRENT_PROJECT_VERSION = 1;
				DEVELOPMENT_ASSET_PATHS = "\"AfricaSwiftUI/Preview Content\"";
				DEVELOPMENT_TEAM = LT772WDFTX;
				ENABLE_PREVIEWS = YES;
				GENERATE_INFOPLIST_FILE = YES;
				INFOPLIST_FILE = AfricaSwiftUI/Info.plist;
				INFOPLIST_KEY_UIApplicationSceneManifest_Generation = YES;
				INFOPLIST_KEY_UIApplicationSupportsIndirectInputEvents = YES;
				INFOPLIST_KEY_UISupportedInterfaceOrientations_iPad = "UIInterfaceOrientationPortrait UIInterfaceOrientationPortraitUpsideDown UIInterfaceOrientationLandscapeLeft UIInterfaceOrientationLandscapeRight";
				INFOPLIST_KEY_UISupportedInterfaceOrientations_iPhone = "UIInterfaceOrientationPortrait UIInterfaceOrientationLandscapeLeft UIInterfaceOrientationLandscapeRight";
				INFOPLIST_KEY_UIUserInterfaceStyle = Dark;
				LD_RUNPATH_SEARCH_PATHS = (
					"$(inherited)",
					"@executable_path/Frameworks",
				);
				MARKETING_VERSION = 1.0;
				PRODUCT_BUNDLE_IDENTIFIER = sergeybindasov.AfricaSwiftUI;
				PRODUCT_NAME = "$(TARGET_NAME)";
				SWIFT_EMIT_LOC_STRINGS = YES;
				SWIFT_VERSION = 5.0;
				TARGETED_DEVICE_FAMILY = "1,2";
			};
			name = Debug;
		};
		A5A9620429F1638D00F76189 /* Release */ = {
			isa = XCBuildConfiguration;
			buildSettings = {
				ASSETCATALOG_COMPILER_APPICON_NAME = AppIcon;
				ASSETCATALOG_COMPILER_GLOBAL_ACCENT_COLOR_NAME = AccentColor;
				CODE_SIGN_STYLE = Automatic;
				CURRENT_PROJECT_VERSION = 1;
				DEVELOPMENT_ASSET_PATHS = "\"AfricaSwiftUI/Preview Content\"";
				DEVELOPMENT_TEAM = LT772WDFTX;
				ENABLE_PREVIEWS = YES;
				GENERATE_INFOPLIST_FILE = YES;
				INFOPLIST_FILE = AfricaSwiftUI/Info.plist;
				INFOPLIST_KEY_UIApplicationSceneManifest_Generation = YES;
				INFOPLIST_KEY_UIApplicationSupportsIndirectInputEvents = YES;
				INFOPLIST_KEY_UISupportedInterfaceOrientations_iPad = "UIInterfaceOrientationPortrait UIInterfaceOrientationPortraitUpsideDown UIInterfaceOrientationLandscapeLeft UIInterfaceOrientationLandscapeRight";
				INFOPLIST_KEY_UISupportedInterfaceOrientations_iPhone = "UIInterfaceOrientationPortrait UIInterfaceOrientationLandscapeLeft UIInterfaceOrientationLandscapeRight";
				INFOPLIST_KEY_UIUserInterfaceStyle = Dark;
				LD_RUNPATH_SEARCH_PATHS = (
					"$(inherited)",
					"@executable_path/Frameworks",
				);
				MARKETING_VERSION = 1.0;
				PRODUCT_BUNDLE_IDENTIFIER = sergeybindasov.AfricaSwiftUI;
				PRODUCT_NAME = "$(TARGET_NAME)";
				SWIFT_EMIT_LOC_STRINGS = YES;
				SWIFT_VERSION = 5.0;
				TARGETED_DEVICE_FAMILY = "1,2";
			};
			name = Release;
		};
/* End XCBuildConfiguration section */

/* Begin XCConfigurationList section */
		A5A961EF29F1638800F76189 /* Build configuration list for PBXProject "AfricaSwiftUI" */ = {
			isa = XCConfigurationList;
			buildConfigurations = (
				A5A9620029F1638D00F76189 /* Debug */,
				A5A9620129F1638D00F76189 /* Release */,
			);
			defaultConfigurationIsVisible = 0;
			defaultConfigurationName = Release;
		};
		A5A9620229F1638D00F76189 /* Build configuration list for PBXNativeTarget "AfricaSwiftUI" */ = {
			isa = XCConfigurationList;
			buildConfigurations = (
				A5A9620329F1638D00F76189 /* Debug */,
				A5A9620429F1638D00F76189 /* Release */,
			);
			defaultConfigurationIsVisible = 0;
			defaultConfigurationName = Release;
		};
/* End XCConfigurationList section */
	};
	rootObject = A5A961EC29F1638800F76189 /* Project object */;
}
